
Microsoft Visual Studio Solution File, Format Version 12.00
# Visual Studio Version 16
VisualStudioVersion = 16.0.29418.71
MinimumVisualStudioVersion = 10.0.40219.1
Project("{9A19103F-16F7-4668-BE54-9A1E7A4F7556}") = "Etapa5", "Etapa5.csproj", "{AB0AABFE-1F1F-40C6-A7ED-9CF422272910}"
EndProject
Global
	GlobalSection(SolutionConfigurationPlatforms) = preSolution
		Debug|Any CPU = Debug|Any CPU
		Release|Any CPU = Release|Any CPU
	EndGlobalSection
	GlobalSection(ProjectConfigurationPlatforms) = postSolution
		{AB0AABFE-1F1F-40C6-A7ED-9CF422272910}.Debug|Any CPU.ActiveCfg = Debug|Any CPU
		{AB0AABFE-1F1F-40C6-A7ED-9CF422272910}.Debug|Any CPU.Build.0 = Debug|Any CPU
		{AB0AABFE-1F1F-40C6-A7ED-9CF422272910}.Release|Any CPU.ActiveCfg = Release|Any CPU
		{AB0AABFE-1F1F-40C6-A7ED-9CF422272910}.Release|Any CPU.Build.0 = Release|Any CPU
	EndGlobalSection
	GlobalSection(SolutionProperties) = preSolution
		HideSolutionNode = FALSE
	EndGlobalSection
	GlobalSection(ExtensibilityGlobals) = postSolution
		SolutionGuid = {D4F17FE9-4B29-4CCC-AC6D-377B4D1D29FB}
	EndGlobalSection
EndGlobal
